github.com/stretchr/testify v1.12.1 h1:EuwCh5fleGS7H32xRwO3wRGT7DxrDhLAT6FF8MpWDWE=
github.com/stretchr/testify v1.12.1/go.mod h1:MDEgiDPPsNp5cuIrHPPCyornHKgEVbtFUmoNlxoYthg=
github.com/xmidt-org/eventor v1.0.50 h1:ULd/oEGxjclejPnHW4idYnUJ3zEbOAj6fpZ1XADvf+0=
github.com/xmidt-org/eventor v1.0.50/go.mod h1:Gh3TsQRRBx8zmMmY6oLIX0mV8UGZk/Mw6BDJdMcY0rY=
github.com/xmidt-org/urlegit v0.1.0 h1:WZLlWo0e5JNZabLEi7/1+sK/np9qrH9XnoB+ZdsHieM=
github.com/xmidt-org/urlegit v0.1.0/go.mod h1:ih/VtgW3xfpV7FNIrHUpNdP0GapcfLOND8y0JwH51vA=
github.com/xmidt-org/webhook-schema v0.1.0 h1:QYutPymtGd6OvukVHTDwpQIEvmk5uNnN8CgbppS089A=
github.com/xmidt-org/webhook-schema v0.1.0/go.mod h1:x3G1lmhryIbr6QXLyzagVkcfY1ZhBxGlP0CdvRD3zZI=
go.yaml.in/yaml/v3 v3.0.5 h1:N6y/pJk8buWs9NY5ERU2HSMfm+IuD/OtfdAnq6kESPw=
go.yaml.in/yaml/v3 v3.0.5/go.mod h1:HVTZu1O7/Vkt2N+BFy8Zza+lnLsABggaTM2ZpNIGuKg=
